
Microsoft Visual Studio Solution File, Format Version 12.00
# Visual Studio Version 16
VisualStudioVersion = 16.0.30011.22
MinimumVisualStudioVersion = 10.0.40219.1
Project("{9A19103F-16F7-4668-BE54-9A1E7A4F7556}") = "WebPersonal.BackEnd.API", "BackEnd\src\WebPersonal.BackEnd.API\WebPersonal.BackEnd.API.csproj", "{1474AEC5-2650-4CD4-B393-2B983D794F5B}"
EndProject
Project("{2150E333-8FDC-42A3-9474-1A3956D46DE8}") = "Shared", "Shared", "{55A09F36-365E-4216-A9D9-F3FA4D9B4A91}"
EndProject
Project("{2150E333-8FDC-42A3-9474-1A3956D46DE8}") = "BackEnd", "BackEnd", "{818303EF-4D00-4758-9196-382F23A7E02A}"
EndProject
Project("{9A19103F-16F7-4668-BE54-9A1E7A4F7556}") = "Shared.DTO", "Shared\Shared.DTO\Shared.DTO.csproj", "{BE192A5A-60A7-4E33-8D2D-1B3B6DE67EF4}"
EndProject
Project("{9A19103F-16F7-4668-BE54-9A1E7A4F7556}") = "WebPersonal.BackEnd.Data", "BackEnd\src\WebPersonal.BackEnd.Data\WebPersonal.BackEnd.Data.csproj", "{28007523-F07C-413B-8999-61312E603B8E}"
EndProject
Project("{9A19103F-16F7-4668-BE54-9A1E7A4F7556}") = "WebPersonal.BackEnd.Model", "BackEnd\src\WebPersonal.BackEnd.Model\WebPersonal.BackEnd.Model.csproj", "{AA004174-D873-4ADF-8D1A-23A8EFAA3D26}"
EndProject
Project("{9A19103F-16F7-4668-BE54-9A1E7A4F7556}") = "WebPersonal.BackEnd.Service", "BackEnd\src\WebPersonal.BackEnd.Service\WebPersonal.BackEnd.Service.csproj", "{9636E35A-4A7E-45CA-ADD8-6F309147D683}"
EndProject
Project("{9A19103F-16F7-4668-BE54-9A1E7A4F7556}") = "WebPersonal.BackEnd.ServiceDependencies", "BackEnd\src\WebPersonal.BackEnd.ServiceDependencies\WebPersonal.BackEnd.ServiceDependencies.csproj", "{DE47E2A3-5C4F-4660-B414-1EBCADB22903}"
EndProject
Project("{9A19103F-16F7-4668-BE54-9A1E7A4F7556}") = "Shared.ROP", "Shared\Shaered.ROP\Shared.ROP.csproj", "{0A64E9B8-2895-461D-8B16-F851B0B58DF7}"
EndProject
Project("{9A19103F-16F7-4668-BE54-9A1E7A4F7556}") = "WebPersonal.BackEnd.UnitTest", "BackEnd\Test\WebPersonal.BackEnd.UnitTest\WebPersonal.BackEnd.UnitTest.csproj", "{318245F7-634A-4684-A4DF-21745BA62DB3}"
EndProject
Project("{9A19103F-16F7-4668-BE54-9A1E7A4F7556}") = "Shared.Data", "Shared\Shared.Data\Shared.Data.csproj", "{583F1464-4F9C-4F71-B66D-2B72F7782936}"
EndProject
Project("{9A19103F-16F7-4668-BE54-9A1E7A4F7556}") = "WebPersonal.BackEnd.IntegrationTest", "BackEnd\Test\WebPersonal.BackEnd.IntegrationTest\WebPersonal.BackEnd.IntegrationTest.csproj", "{5BB6EA9C-89B3-436D-9ADA-D7E8FFC6FD69}"
EndProject
Project("{2150E333-8FDC-42A3-9474-1A3956D46DE8}") = "FrontEnd", "FrontEnd", "{ED8C1571-5D02-44C5-9197-F7F8C167B736}"
EndProject
Project("{9A19103F-16F7-4668-BE54-9A1E7A4F7556}") = "WebPersonal.FrontEnd.WebApp", "FrontEnd\WebPersonal.FrontEnd.WebApp\WebPersonal.FrontEnd.WebApp.csproj", "{9704141E-8D18-4F30-81FF-9BD6BA93CCCA}"
EndProject
Project("{9A19103F-16F7-4668-BE54-9A1E7A4F7556}") = "Shared.Language", "Shared\Shared.Language\Shared.Language.csproj", "{83A0A87E-0901-4C89-A259-DE4788F8DDEF}"
EndProject
Project("{9A19103F-16F7-4668-BE54-9A1E7A4F7556}") = "WebPersonal.BackEnd.Translations", "BackEnd\src\WebPersonal.BackEnd.Translations\WebPersonal.BackEnd.Translations.csproj", "{451BF7BD-FFF3-422A-A853-143F377D6B8C}"
EndProject
Global
	GlobalSection(SolutionConfigurationPlatforms) = preSolution
		Debug|Any CPU = Debug|Any CPU
		Release|Any CPU = Release|Any CPU
	EndGlobalSection
	GlobalSection(ProjectConfigurationPlatforms) = postSolution
		{1474AEC5-2650-4CD4-B393-2B983D794F5B}.Debug|Any CPU.ActiveCfg = Debug|Any CPU
		{1474AEC5-2650-4CD4-B393-2B983D794F5B}.Debug|Any CPU.Build.0 = Debug|Any CPU
		{1474AEC5-2650-4CD4-B393-2B983D794F5B}.Release|Any CPU.ActiveCfg = Release|Any CPU
		{1474AEC5-2650-4CD4-B393-2B983D794F5B}.Release|Any CPU.Build.0 = Release|Any CPU
		{BE192A5A-60A7-4E33-8D2D-1B3B6DE67EF4}.Debug|Any CPU.ActiveCfg = Debug|Any CPU
		{BE192A5A-60A7-4E33-8D2D-1B3B6DE67EF4}.Debug|Any CPU.Build.0 = Debug|Any CPU
		{BE192A5A-60A7-4E33-8D2D-1B3B6DE67EF4}.Release|Any CPU.ActiveCfg = Release|Any CPU
		{BE192A5A-60A7-4E33-8D2D-1B3B6DE67EF4}.Release|Any CPU.Build.0 = Release|Any CPU
		{28007523-F07C-413B-8999-61312E603B8E}.Debug|Any CPU.ActiveCfg = Debug|Any CPU
		{28007523-F07C-413B-8999-61312E603B8E}.Debug|Any CPU.Build.0 = Debug|Any CPU
		{28007523-F07C-413B-8999-61312E603B8E}.Release|Any CPU.ActiveCfg = Release|Any CPU
		{28007523-F07C-413B-8999-61312E603B8E}.Release|Any CPU.Build.0 = Release|Any CPU
		{AA004174-D873-4ADF-8D1A-23A8EFAA3D26}.Debug|Any CPU.ActiveCfg = Debug|Any CPU
		{AA004174-D873-4ADF-8D1A-23A8EFAA3D26}.Debug|Any CPU.Build.0 = Debug|Any CPU
		{AA004174-D873-4ADF-8D1A-23A8EFAA3D26}.Release|Any CPU.ActiveCfg = Release|Any CPU
		{AA004174-D873-4ADF-8D1A-23A8EFAA3D26}.Release|Any CPU.Build.0 = Release|Any CPU
		{9636E35A-4A7E-45CA-ADD8-6F309147D683}.Debug|Any CPU.ActiveCfg = Debug|Any CPU
		{9636E35A-4A7E-45CA-ADD8-6F309147D683}.Debug|Any CPU.Build.0 = Debug|Any CPU
		{9636E35A-4A7E-45CA-ADD8-6F309147D683}.Release|Any CPU.ActiveCfg = Release|Any CPU
		{9636E35A-4A7E-45CA-ADD8-6F309147D683}.Release|Any CPU.Build.0 = Release|Any CPU
		{DE47E2A3-5C4F-4660-B414-1EBCADB22903}.Debug|Any CPU.ActiveCfg = Debug|Any CPU
		{DE47E2A3-5C4F-4660-B414-1EBCADB22903}.Debug|Any CPU.Build.0 = Debug|Any CPU
		{DE47E2A3-5C4F-4660-B414-1EBCADB22903}.Release|Any CPU.ActiveCfg = Release|Any CPU
		{DE47E2A3-5C4F-4660-B414-1EBCADB22903}.Release|Any CPU.Build.0 = Release|Any CPU
		{0A64E9B8-2895-461D-8B16-F851B0B58DF7}.Debug|Any CPU.ActiveCfg = Debug|Any CPU
		{0A64E9B8-2895-461D-8B16-F851B0B58DF7}.Debug|Any CPU.Build.0 = Debug|Any CPU
		{0A64E9B8-2895-461D-8B16-F851B0B58DF7}.Release|Any CPU.ActiveCfg = Release|Any CPU
		{0A64E9B8-2895-461D-8B16-F851B0B58DF7}.Release|Any CPU.Build.0 = Release|Any CPU
		{318245F7-634A-4684-A4DF-21745BA62DB3}.Debug|Any CPU.ActiveCfg = Debug|Any CPU
		{318245F7-634A-4684-A4DF-21745BA62DB3}.Debug|Any CPU.Build.0 = Debug|Any CPU
		{318245F7-634A-4684-A4DF-21745BA62DB3}.Release|Any CPU.ActiveCfg = Release|Any CPU
		{318245F7-634A-4684-A4DF-21745BA62DB3}.Release|Any CPU.Build.0 = Release|Any CPU
		{583F1464-4F9C-4F71-B66D-2B72F7782936}.Debug|Any CPU.ActiveCfg = Debug|Any CPU
		{583F1464-4F9C-4F71-B66D-2B72F7782936}.Debug|Any CPU.Build.0 = Debug|Any CPU
		{583F1464-4F9C-4F71-B66D-2B72F7782936}.Release|Any CPU.ActiveCfg = Release|Any CPU
		{583F1464-4F9C-4F71-B66D-2B72F7782936}.Release|Any CPU.Build.0 = Release|Any CPU
		{5BB6EA9C-89B3-436D-9ADA-D7E8FFC6FD69}.Debug|Any CPU.ActiveCfg = Debug|Any CPU
		{5BB6EA9C-89B3-436D-9ADA-D7E8FFC6FD69}.Debug|Any CPU.Build.0 = Debug|Any CPU
		{5BB6EA9C-89B3-436D-9ADA-D7E8FFC6FD69}.Release|Any CPU.ActiveCfg = Release|Any CPU
		{5BB6EA9C-89B3-436D-9ADA-D7E8FFC6FD69}.Release|Any CPU.Build.0 = Release|Any CPU
		{9704141E-8D18-4F30-81FF-9BD6BA93CCCA}.Debug|Any CPU.ActiveCfg = Debug|Any CPU
		{9704141E-8D18-4F30-81FF-9BD6BA93CCCA}.Debug|Any CPU.Build.0 = Debug|Any CPU
		{9704141E-8D18-4F30-81FF-9BD6BA93CCCA}.Release|Any CPU.ActiveCfg = Release|Any CPU
		{9704141E-8D18-4F30-81FF-9BD6BA93CCCA}.Release|Any CPU.Build.0 = Release|Any CPU
		{83A0A87E-0901-4C89-A259-DE4788F8DDEF}.Debug|Any CPU.ActiveCfg = Debug|Any CPU
		{83A0A87E-0901-4C89-A259-DE4788F8DDEF}.Debug|Any CPU.Build.0 = Debug|Any CPU
		{83A0A87E-0901-4C89-A259-DE4788F8DDEF}.Release|Any CPU.ActiveCfg = Release|Any CPU
		{83A0A87E-0901-4C89-A259-DE4788F8DDEF}.Release|Any CPU.Build.0 = Release|Any CPU
		{451BF7BD-FFF3-422A-A853-143F377D6B8C}.Debug|Any CPU.ActiveCfg = Debug|Any CPU
		{451BF7BD-FFF3-422A-A853-143F377D6B8C}.Debug|Any CPU.Build.0 = Debug|Any CPU
		{451BF7BD-FFF3-422A-A853-143F377D6B8C}.Release|Any CPU.ActiveCfg = Release|Any CPU
		{451BF7BD-FFF3-422A-A853-143F377D6B8C}.Release|Any CPU.Build.0 = Release|Any CPU
	EndGlobalSection
	GlobalSection(SolutionProperties) = preSolution
		HideSolutionNode = FALSE
	EndGlobalSection
	GlobalSection(NestedProjects) = preSolution
		{1474AEC5-2650-4CD4-B393-2B983D794F5B} = {818303EF-4D00-4758-9196-382F23A7E02A}
		{BE192A5A-60A7-4E33-8D2D-1B3B6DE67EF4} = {55A09F36-365E-4216-A9D9-F3FA4D9B4A91}
		{28007523-F07C-413B-8999-61312E603B8E} = {818303EF-4D00-4758-9196-382F23A7E02A}
		{AA004174-D873-4ADF-8D1A-23A8EFAA3D26} = {818303EF-4D00-4758-9196-382F23A7E02A}
		{9636E35A-4A7E-45CA-ADD8-6F309147D683} = {818303EF-4D00-4758-9196-382F23A7E02A}
		{DE47E2A3-5C4F-4660-B414-1EBCADB22903} = {818303EF-4D00-4758-9196-382F23A7E02A}
		{0A64E9B8-2895-461D-8B16-F851B0B58DF7} = {55A09F36-365E-4216-A9D9-F3FA4D9B4A91}
		{318245F7-634A-4684-A4DF-21745BA62DB3} = {818303EF-4D00-4758-9196-382F23A7E02A}
		{583F1464-4F9C-4F71-B66D-2B72F7782936} = {55A09F36-365E-4216-A9D9-F3FA4D9B4A91}
		{5BB6EA9C-89B3-436D-9ADA-D7E8FFC6FD69} = {818303EF-4D00-4758-9196-382F23A7E02A}
		{9704141E-8D18-4F30-81FF-9BD6BA93CCCA} = {ED8C1571-5D02-44C5-9197-F7F8C167B736}
		{83A0A87E-0901-4C89-A259-DE4788F8DDEF} = {55A09F36-365E-4216-A9D9-F3FA4D9B4A91}
		{451BF7BD-FFF3-422A-A853-143F377D6B8C} = {818303EF-4D00-4758-9196-382F23A7E02A}
	EndGlobalSection
	GlobalSection(ExtensibilityGlobals) = postSolution
		SolutionGuid = {CC029233-61A7-494D-B0D6-175DB6214669}
	EndGlobalSection
EndGlobal
